<?xml version="1.0" encoding="utf-8"?>
<Project ToolsVersion="4.0" xmlns="http://schemas.microsoft.com/developer/msbuild/2003">
  <ItemGroup>
    <ClCompile Include="TileMap.cpp">
      <Filter>Map</Filter>
    </ClCompile>
    <ClCompile Include="TileSet.cpp">
      <Filter>Map</Filter>
    </ClCompile>
    <ClCompile Include="ObjectMap.cpp">
      <Filter>Map</Filter>
    </ClCompile>
    <ClCompile Include="Layer.cpp">
      <Filter>Map</Filter>
    </ClCompile>
    <ClCompile Include="tinyXML\tinystr.cpp">
      <Filter>tinyXML</Filter>
    </ClCompile>
    <ClCompile Include="tinyXML\tinyxml.cpp">
      <Filter>tinyXML</Filter>
    </ClCompile>
    <ClCompile Include="tinyXML\tinyxmlerror.cpp">
      <Filter>tinyXML</Filter>
    </ClCompile>
    <ClCompile Include="tinyXML\tinyxmlparser.cpp">
      <Filter>tinyXML</Filter>
    </ClCompile>
    <ClCompile Include="Goomba.cpp">
      <Filter>Enemy\Goomba</Filter>
    </ClCompile>
    <ClCompile Include="ParaGoomba.cpp">
      <Filter>Enemy\Goomba</Filter>
    </ClCompile>
    <ClCompile Include="BigBox.cpp">
      <Filter>Misc</Filter>
    </ClCompile>
    <ClCompile Include="Brick.cpp">
      <Filter>Misc</Filter>
    </ClCompile>
    <ClCompile Include="Coin.cpp">
      <Filter>Misc</Filter>
    </ClCompile>
    <ClCompile Include="Mario.cpp">
      <Filter>Mario</Filter>
    </ClCompile>
    <ClCompile Include="PlayScene.cpp">
      <Filter>Scene</Filter>
    </ClCompile>
    <ClCompile Include="Portal.cpp">
      <Filter>Scene</Filter>
    </ClCompile>
    <ClCompile Include="Platform.cpp">
      <Filter>Misc</Filter>
    </ClCompile>
    <ClCompile Include="QuestionBrick.cpp">
      <Filter>Misc</Filter>
    </ClCompile>
    <ClCompile Include="Animation.cpp">
      <Filter>Source Files</Filter>
    </ClCompile>
    <ClCompile Include="Animations.cpp">
      <Filter>Source Files</Filter>
    </ClCompile>
    <ClCompile Include="CameraBound.cpp">
      <Filter>Source Files</Filter>
    </ClCompile>
    <ClCompile Include="Collision.cpp">
      <Filter>Source Files</Filter>
    </ClCompile>
    <ClCompile Include="debug.cpp">
      <Filter>Source Files</Filter>
    </ClCompile>
    <ClCompile Include="Game.cpp">
      <Filter>Source Files</Filter>
    </ClCompile>
    <ClCompile Include="GameObject.cpp">
      <Filter>Source Files</Filter>
    </ClCompile>
    <ClCompile Include="main.cpp">
      <Filter>Source Files</Filter>
    </ClCompile>
    <ClCompile Include="Sprite.cpp">
      <Filter>Source Files</Filter>
    </ClCompile>
    <ClCompile Include="Sprites.cpp">
      <Filter>Source Files</Filter>
    </ClCompile>
    <ClCompile Include="Textures.cpp">
      <Filter>Source Files</Filter>
    </ClCompile>
    <ClCompile Include="Utils.cpp">
      <Filter>Source Files</Filter>
    </ClCompile>
    <ClCompile Include="Koopa.cpp">
      <Filter>Enemy\Koopa</Filter>
    </ClCompile>
    <ClCompile Include="KoopaBound.cpp">
      <Filter>Enemy\Koopa</Filter>
    </ClCompile>
    <ClCompile Include="SuperMushroom.cpp">
      <Filter>Misc</Filter>
    </ClCompile>
    <ClCompile Include="CoinBrick.cpp">
      <Filter>Misc</Filter>
    </ClCompile>
    <ClCompile Include="VenusFireTrap.cpp">
      <Filter>Enemy</Filter>
    </ClCompile>
    <ClCompile Include="Leaf.cpp">
      <Filter>Misc</Filter>
    </ClCompile>
    <ClCompile Include="Piranha.cpp">
      <Filter>Enemy</Filter>
    </ClCompile>
    <ClCompile Include="Fireball.cpp">
      <Filter>Enemy</Filter>
    </ClCompile>
    <ClCompile Include="Parakoopa.cpp">
      <Filter>Enemy\Koopa</Filter>
    </ClCompile>
    <ClCompile Include="OverworldBound.cpp">
      <Filter>Overworld</Filter>
    </ClCompile>
    <ClCompile Include="Tree.cpp">
      <Filter>Overworld</Filter>
    </ClCompile>
    <ClCompile Include="MarioOverworld.cpp">
      <Filter>Mario</Filter>
    </ClCompile>
    <ClCompile Include="SampleKeyEventHandler.cpp">
      <Filter>Keyboard</Filter>
    </ClCompile>
    <ClCompile Include="Three.cpp">
      <Filter>Intro</Filter>
    </ClCompile>
    <ClCompile Include="OverworldKeyHandler.cpp">
      <Filter>Overworld</Filter>
    </ClCompile>
    <ClCompile Include="Scene.cpp">
      <Filter>Scene</Filter>
    </ClCompile>
    <ClCompile Include="IntroKeyHandler.cpp">
      <Filter>Intro</Filter>
    </ClCompile>
    <ClCompile Include="Switch.cpp" />
  </ItemGroup>
  <ItemGroup>
    <ClInclude Include="TileMap.h">
      <Filter>Map</Filter>
    </ClInclude>
    <ClInclude Include="TileSet.h">
      <Filter>Map</Filter>
    </ClInclude>
    <ClInclude Include="ObjectMap.h">
      <Filter>Map</Filter>
    </ClInclude>
    <ClInclude Include="Layer.h">
      <Filter>Map</Filter>
    </ClInclude>
    <ClInclude Include="tinyXML\tinystr.h">
      <Filter>tinyXML</Filter>
    </ClInclude>
    <ClInclude Include="tinyXML\tinyxml.h">
      <Filter>tinyXML</Filter>
    </ClInclude>
    <ClInclude Include="Goomba.h">
      <Filter>Enemy\Goomba</Filter>
    </ClInclude>
    <ClInclude Include="ParaGoomba.h">
      <Filter>Enemy\Goomba</Filter>
    </ClInclude>
    <ClInclude Include="BigBox.h">
      <Filter>Misc</Filter>
    </ClInclude>
    <ClInclude Include="Brick.h">
      <Filter>Misc</Filter>
    </ClInclude>
    <ClInclude Include="Coin.h">
      <Filter>Misc</Filter>
    </ClInclude>
    <ClInclude Include="Mario.h">
      <Filter>Mario</Filter>
    </ClInclude>
    <ClInclude Include="PlayScene.h">
      <Filter>Scene</Filter>
    </ClInclude>
    <ClInclude Include="Portal.h">
      <Filter>Scene</Filter>
    </ClInclude>
    <ClInclude Include="Scene.h">
      <Filter>Scene</Filter>
    </ClInclude>
    <ClInclude Include="Platform.h">
      <Filter>Misc</Filter>
    </ClInclude>
    <ClInclude Include="QuestionBrick.h">
      <Filter>Misc</Filter>
    </ClInclude>
    <ClInclude Include="Animation.h">
      <Filter>Header Files</Filter>
    </ClInclude>
    <ClInclude Include="AnimationFrame.h">
      <Filter>Header Files</Filter>
    </ClInclude>
    <ClInclude Include="Animations.h">
      <Filter>Header Files</Filter>
    </ClInclude>
    <ClInclude Include="CameraBound.h">
      <Filter>Header Files</Filter>
    </ClInclude>
    <ClInclude Include="Collision.h">
      <Filter>Header Files</Filter>
    </ClInclude>
    <ClInclude Include="debug.h">
      <Filter>Header Files</Filter>
    </ClInclude>
    <ClInclude Include="Game.h">
      <Filter>Header Files</Filter>
    </ClInclude>
    <ClInclude Include="GameObject.h">
      <Filter>Header Files</Filter>
    </ClInclude>
    <ClInclude Include="AssetIDs.h">
      <Filter>Header Files</Filter>
    </ClInclude>
    <ClInclude Include="Sprite.h">
      <Filter>Header Files</Filter>
    </ClInclude>
    <ClInclude Include="Sprites.h">
      <Filter>Header Files</Filter>
    </ClInclude>
    <ClInclude Include="Texture.h">
      <Filter>Header Files</Filter>
    </ClInclude>
    <ClInclude Include="Textures.h">
      <Filter>Header Files</Filter>
    </ClInclude>
    <ClInclude Include="Utils.h">
      <Filter>Header Files</Filter>
    </ClInclude>
    <ClInclude Include="Koopa.h">
      <Filter>Enemy\Koopa</Filter>
    </ClInclude>
    <ClInclude Include="KoopaBound.h">
      <Filter>Enemy\Koopa</Filter>
    </ClInclude>
    <ClInclude Include="SuperMushroom.h">
      <Filter>Misc</Filter>
    </ClInclude>
    <ClInclude Include="CoinBrick.h">
      <Filter>Misc</Filter>
    </ClInclude>
    <ClInclude Include="Leaf.h">
      <Filter>Misc</Filter>
    </ClInclude>
    <ClInclude Include="Piranha.h">
      <Filter>Enemy</Filter>
    </ClInclude>
    <ClInclude Include="Fireball.h">
      <Filter>Enemy</Filter>
    </ClInclude>
    <ClInclude Include="Parakoopa.h">
      <Filter>Enemy\Koopa</Filter>
    </ClInclude>
    <ClInclude Include="OverworldBound.h">
      <Filter>Overworld</Filter>
    </ClInclude>
    <ClInclude Include="Tree.h">
      <Filter>Overworld</Filter>
    </ClInclude>
    <ClInclude Include="MarioOverworld.h">
      <Filter>Mario</Filter>
    </ClInclude>
    <ClInclude Include="KeyEventHandler.h">
      <Filter>Keyboard</Filter>
    </ClInclude>
    <ClInclude Include="SampleKeyEventHandler.h">
      <Filter>Keyboard</Filter>
    </ClInclude>
    <ClInclude Include="VenusFireTrap.h">
      <Filter>Enemy</Filter>
    </ClInclude>
    <ClInclude Include="OverworldKeyHandler.h">
      <Filter>Overworld</Filter>
    </ClInclude>
    <ClInclude Include="Three.h">
      <Filter>Intro</Filter>
    </ClInclude>
    <ClInclude Include="IntroKeyHandler.h">
      <Filter>Intro</Filter>
    </ClInclude>
    <ClInclude Include="Switch.h" />
  </ItemGroup>
  <ItemGroup>
    <Filter Include="Map">
      <UniqueIdentifier>{9c4683a6-4b5d-41d3-ae5a-b91ff9a68879}</UniqueIdentifier>
    </Filter>
    <Filter Include="tinyXML">
      <UniqueIdentifier>{9acb02f9-1c65-4f4f-a479-77a50bbd5af8}</UniqueIdentifier>
    </Filter>
    <Filter Include="Misc">
      <UniqueIdentifier>{4e7ee446-8aa9-4ff1-86f1-da5cdebc3b88}</UniqueIdentifier>
    </Filter>
    <Filter Include="Mario">
      <UniqueIdentifier>{553035f8-e409-4263-8d9d-456ce96cab52}</UniqueIdentifier>
    </Filter>
    <Filter Include="Scene">
      <UniqueIdentifier>{b95b1496-ad77-4b6b-9fd6-c8c875824a11}</UniqueIdentifier>
    </Filter>
    <Filter Include="Source Files">
      <UniqueIdentifier>{40004166-4f8b-4605-a320-1b31b385c130}</UniqueIdentifier>
    </Filter>
    <Filter Include="Header Files">
      <UniqueIdentifier>{b7095a42-12ce-45c7-8949-cdf2178717ec}</UniqueIdentifier>
    </Filter>
    <Filter Include="Enemy">
      <UniqueIdentifier>{b8111a5b-6ce2-4dde-bffe-fb044e23ec31}</UniqueIdentifier>
    </Filter>
    <Filter Include="Enemy\Koopa">
      <UniqueIdentifier>{e0ad84c5-d982-48c0-870c-7bf56d085762}</UniqueIdentifier>
    </Filter>
    <Filter Include="Enemy\Goomba">
      <UniqueIdentifier>{8992f042-2981-4f2d-931f-cd6e3050ce36}</UniqueIdentifier>
    </Filter>
    <Filter Include="Overworld">
      <UniqueIdentifier>{d4d92710-bc8b-44aa-987e-153aca42e969}</UniqueIdentifier>
    </Filter>
    <Filter Include="Keyboard">
      <UniqueIdentifier>{1eb85d55-3744-491d-86ff-85138cf92f98}</UniqueIdentifier>
    </Filter>
    <Filter Include="Intro">
      <UniqueIdentifier>{f622aa03-a8a2-4b4c-9815-06b73334bc3e}</UniqueIdentifier>
    </Filter>
  </ItemGroup>
</Project>